
Microsoft Visual Studio Solution File, Format Version 12.00
# Visual Studio Version 17
VisualStudioVersion = 17.4.33103.184
MinimumVisualStudioVersion = 10.0.40219.1
Project("{FAE04EC0-301F-11D3-BF4B-00C04F79EFBC}") = "WingtipToys", "WingtipToys\WingtipToys.csproj", "{3F8458A7-02DD-4B8C-B4E0-F6132D51ADDD}"
EndProject
Project("{FAE04EC0-301F-11D3-BF4B-00C04F79EFBC}") = "WingtipToysCore", "WingtipToysCore\WingtipToysCore.csproj", "{9847375C-8E60-4730-AE56-A5012D28B018}"
EndProject
Global
	GlobalSection(SolutionConfigurationPlatforms) = preSolution
		Debug|Any CPU = Debug|Any CPU
		Release|Any CPU = Release|Any CPU
	EndGlobalSection
	GlobalSection(ProjectConfigurationPlatforms) = postSolution
		{3F8458A7-02DD-4B8C-B4E0-F6132D51ADDD}.Debug|Any CPU.ActiveCfg = Debug|Any CPU
		{3F8458A7-02DD-4B8C-B4E0-F6132D51ADDD}.Debug|Any CPU.Build.0 = Debug|Any CPU
		{3F8458A7-02DD-4B8C-B4E0-F6132D51ADDD}.Release|Any CPU.ActiveCfg = Release|Any CPU
		{3F8458A7-02DD-4B8C-B4E0-F6132D51ADDD}.Release|Any CPU.Build.0 = Release|Any CPU
		{9847375C-8E60-4730-AE56-A5012D28B018}.Debug|Any CPU.ActiveCfg = Debug|Any CPU
		{9847375C-8E60-4730-AE56-A5012D28B018}.Debug|Any CPU.Build.0 = Debug|Any CPU
		{9847375C-8E60-4730-AE56-A5012D28B018}.Release|Any CPU.ActiveCfg = Release|Any CPU
		{9847375C-8E60-4730-AE56-A5012D28B018}.Release|Any CPU.Build.0 = Release|Any CPU
	EndGlobalSection
	GlobalSection(SolutionProperties) = preSolution
		HideSolutionNode = FALSE
	EndGlobalSection
	GlobalSection(ExtensibilityGlobals) = postSolution
		SolutionGuid = {4BD21F5B-A908-4680-ADC7-4F42EC8B27F9}
	EndGlobalSection
EndGlobal
